
Microsoft Visual Studio Solution File, Format Version 12.00
# Visual Studio 15
VisualStudioVersion = 15.0.28307.168
MinimumVisualStudioVersion = 10.0.40219.1
Project("{FAE04EC0-301F-11D3-BF4B-00C04F79EFBC}") = "MefDemo", "MefDemo\MefDemo.csproj", "{53A70FF5-9D01-48AD-B052-F129CFC01CE6}"
EndProject
Project("{2150E333-8FDC-42A3-9474-1A3956D46DE8}") = "Modules", "Modules", "{DEB8D7AD-427D-4A69-B8A1-D15A628DFB52}"
EndProject
Project("{FAE04EC0-301F-11D3-BF4B-00C04F79EFBC}") = "Lib1", "Modules\Lib1\Lib1.csproj", "{D68EEE6D-C10E-4D85-BAAB-DA62292EB66B}"
EndProject
Project("{FAE04EC0-301F-11D3-BF4B-00C04F79EFBC}") = "Lib2", "Modules\Lib2\Lib2.csproj", "{CD453EF7-CDD3-4659-9777-C97C09AB2412}"
EndProject
Project("{2150E333-8FDC-42A3-9474-1A3956D46DE8}") = "Core", "Core", "{1941A983-E566-44A7-912D-BBE6C897CE67}"
EndProject
Project("{FAE04EC0-301F-11D3-BF4B-00C04F79EFBC}") = "Common", "Core\Common\Common.csproj", "{C0A25F68-1E29-4C4E-A9D6-549315CED4B3}"
EndProject
Project("{FAE04EC0-301F-11D3-BF4B-00C04F79EFBC}") = "Common.Impl", "Core\Common.Impl\Common.Impl.csproj", "{6510311F-0A64-4D87-9D91-2C197A3D0265}"
EndProject
Global
	GlobalSection(SolutionConfigurationPlatforms) = preSolution
		Debug|Any CPU = Debug|Any CPU
		Release|Any CPU = Release|Any CPU
	EndGlobalSection
	GlobalSection(ProjectConfigurationPlatforms) = postSolution
		{53A70FF5-9D01-48AD-B052-F129CFC01CE6}.Debug|Any CPU.ActiveCfg = Debug|Any CPU
		{53A70FF5-9D01-48AD-B052-F129CFC01CE6}.Debug|Any CPU.Build.0 = Debug|Any CPU
		{53A70FF5-9D01-48AD-B052-F129CFC01CE6}.Release|Any CPU.ActiveCfg = Release|Any CPU
		{53A70FF5-9D01-48AD-B052-F129CFC01CE6}.Release|Any CPU.Build.0 = Release|Any CPU
		{D68EEE6D-C10E-4D85-BAAB-DA62292EB66B}.Debug|Any CPU.ActiveCfg = Debug|Any CPU
		{D68EEE6D-C10E-4D85-BAAB-DA62292EB66B}.Debug|Any CPU.Build.0 = Debug|Any CPU
		{D68EEE6D-C10E-4D85-BAAB-DA62292EB66B}.Release|Any CPU.ActiveCfg = Release|Any CPU
		{D68EEE6D-C10E-4D85-BAAB-DA62292EB66B}.Release|Any CPU.Build.0 = Release|Any CPU
		{CD453EF7-CDD3-4659-9777-C97C09AB2412}.Debug|Any CPU.ActiveCfg = Debug|Any CPU
		{CD453EF7-CDD3-4659-9777-C97C09AB2412}.Debug|Any CPU.Build.0 = Debug|Any CPU
		{CD453EF7-CDD3-4659-9777-C97C09AB2412}.Release|Any CPU.ActiveCfg = Release|Any CPU
		{CD453EF7-CDD3-4659-9777-C97C09AB2412}.Release|Any CPU.Build.0 = Release|Any CPU
		{C0A25F68-1E29-4C4E-A9D6-549315CED4B3}.Debug|Any CPU.ActiveCfg = Debug|Any CPU
		{C0A25F68-1E29-4C4E-A9D6-549315CED4B3}.Debug|Any CPU.Build.0 = Debug|Any CPU
		{C0A25F68-1E29-4C4E-A9D6-549315CED4B3}.Release|Any CPU.ActiveCfg = Release|Any CPU
		{C0A25F68-1E29-4C4E-A9D6-549315CED4B3}.Release|Any CPU.Build.0 = Release|Any CPU
		{6510311F-0A64-4D87-9D91-2C197A3D0265}.Debug|Any CPU.ActiveCfg = Debug|Any CPU
		{6510311F-0A64-4D87-9D91-2C197A3D0265}.Debug|Any CPU.Build.0 = Debug|Any CPU
		{6510311F-0A64-4D87-9D91-2C197A3D0265}.Release|Any CPU.ActiveCfg = Release|Any CPU
		{6510311F-0A64-4D87-9D91-2C197A3D0265}.Release|Any CPU.Build.0 = Release|Any CPU
	EndGlobalSection
	GlobalSection(SolutionProperties) = preSolution
		HideSolutionNode = FALSE
	EndGlobalSection
	GlobalSection(NestedProjects) = preSolution
		{D68EEE6D-C10E-4D85-BAAB-DA62292EB66B} = {DEB8D7AD-427D-4A69-B8A1-D15A628DFB52}
		{CD453EF7-CDD3-4659-9777-C97C09AB2412} = {DEB8D7AD-427D-4A69-B8A1-D15A628DFB52}
		{C0A25F68-1E29-4C4E-A9D6-549315CED4B3} = {1941A983-E566-44A7-912D-BBE6C897CE67}
		{6510311F-0A64-4D87-9D91-2C197A3D0265} = {1941A983-E566-44A7-912D-BBE6C897CE67}
	EndGlobalSection
	GlobalSection(ExtensibilityGlobals) = postSolution
		SolutionGuid = {4291E86C-A6EE-42C5-97AB-A986DDD9E9C4}
	EndGlobalSection
EndGlobal
